// !$*UTF8*$!
{
	archiveVersion = 1;
	classes = {
	};
	objectVersion = 50;
	objects = {

/* Begin PBXBuildFile section */
		DF16C92824BD078E0003F443 /* AppDelegate.swift in Sources */ = {isa = PBXBuildFile; fileRef = DF16C92724BD078E0003F443 /* AppDelegate.swift */; };
		DF16C92A24BD078E0003F443 /* SceneDelegate.swift in Sources */ = {isa = PBXBuildFile; fileRef = DF16C92924BD078E0003F443 /* SceneDelegate.swift */; };
		DF16C92C24BD078E0003F443 /* NewsListView.swift in Sources */ = {isa = PBXBuildFile; fileRef = DF16C92B24BD078E0003F443 /* NewsListView.swift */; };
		DF16C92E24BD07940003F443 /* Assets.xcassets in Resources */ = {isa = PBXBuildFile; fileRef = DF16C92D24BD07940003F443 /* Assets.xcassets */; };
		DF16C93124BD07940003F443 /* Preview Assets.xcassets in Resources */ = {isa = PBXBuildFile; fileRef = DF16C93024BD07940003F443 /* Preview Assets.xcassets */; };
		DF16C93424BD07940003F443 /* LaunchScreen.storyboard in Resources */ = {isa = PBXBuildFile; fileRef = DF16C93224BD07940003F443 /* LaunchScreen.storyboard */; };
		DF16C93E24BD08610003F443 /* News.swift in Sources */ = {isa = PBXBuildFile; fileRef = DF16C93D24BD08610003F443 /* News.swift */; };
		DF3398A624C0D2A900C623FC /* String+Util.swift in Sources */ = {isa = PBXBuildFile; fileRef = DF3398A524C0D2A900C623FC /* String+Util.swift */; };
		DF3398A824C0DD4100C623FC /* UrlEndpoint.swift in Sources */ = {isa = PBXBuildFile; fileRef = DF3398A724C0DD4100C623FC /* UrlEndpoint.swift */; };
		DF355F8224BDEA55005E1483 /* NewsListViewModel.swift in Sources */ = {isa = PBXBuildFile; fileRef = DF355F8124BDEA55005E1483 /* NewsListViewModel.swift */; };
		DF355F8424BDED8C005E1483 /* MockFetcher.swift in Sources */ = {isa = PBXBuildFile; fileRef = DF355F8324BDED8C005E1483 /* MockFetcher.swift */; };
		DF355F8624BE6B2D005E1483 /* NewsDetailView.swift in Sources */ = {isa = PBXBuildFile; fileRef = DF355F8524BE6B2D005E1483 /* NewsDetailView.swift */; };
		DF3A0EF724CF0F4B0064D8B7 /* NetworkConstants.swift in Sources */ = {isa = PBXBuildFile; fileRef = DF3A0EF624CF0F4B0064D8B7 /* NetworkConstants.swift */; };
		DFB69C0324BDD9A000DBDFD3 /* NewsRowView.swift in Sources */ = {isa = PBXBuildFile; fileRef = DFB69C0224BDD9A000DBDFD3 /* NewsRowView.swift */; };
		DFB69C0624BDDC7A00DBDFD3 /* News.json in Resources */ = {isa = PBXBuildFile; fileRef = DFB69C0524BDDC7A00DBDFD3 /* News.json */; };
		DFB69C0924BDDCA700DBDFD3 /* NewsFetcher.swift in Sources */ = {isa = PBXBuildFile; fileRef = DFB69C0824BDDCA700DBDFD3 /* NewsFetcher.swift */; };
		DFB9669924BF3EA9006CC958 /* ImageFetcher.swift in Sources */ = {isa = PBXBuildFile; fileRef = DFB9669824BF3EA9006CC958 /* ImageFetcher.swift */; };
		DFB9669B24BFADC1006CC958 /* NewsViewModel.swift in Sources */ = {isa = PBXBuildFile; fileRef = DFB9669A24BFADC1006CC958 /* NewsViewModel.swift */; };
/* End PBXBuildFile section */

/* Begin PBXFileReference section */
		DF16C92424BD078E0003F443 /* NewsSwiftUI.app */ = {isa = PBXFileReference; explicitFileType = wrapper.application; includeInIndex = 0; path = NewsSwiftUI.app; sourceTree = BUILT_PRODUCTS_DIR; };
		DF16C92724BD078E0003F443 /* AppDelegate.swift */ = {isa = PBXFileReference; lastKnownFileType = sourcecode.swift; path = AppDelegate.swift; sourceTree = "<group>"; };
		DF16C92924BD078E0003F443 /* SceneDelegate.swift */ = {isa = PBXFileReference; lastKnownFileType = sourcecode.swift; path = SceneDelegate.swift; sourceTree = "<group>"; };
		DF16C92B24BD078E0003F443 /* NewsListView.swift */ = {isa = PBXFileReference; lastKnownFileType = sourcecode.swift; path = NewsListView.swift; sourceTree = "<group>"; };
		DF16C92D24BD07940003F443 /* Assets.xcassets */ = {isa = PBXFileReference; lastKnownFileType = folder.assetcatalog; path = Assets.xcassets; sourceTree = "<group>"; };
		DF16C93024BD07940003F443 /* Preview Assets.xcassets */ = {isa = PBXFileReference; lastKnownFileType = folder.assetcatalog; path = "Preview Assets.xcassets"; sourceTree = "<group>"; };
		DF16C93324BD07940003F443 /* Base */ = {isa = PBXFileReference; lastKnownFileType = file.storyboard; name = Base; path = Base.lproj/LaunchScreen.storyboard; sourceTree = "<group>"; };
		DF16C93524BD07940003F443 /* Info.plist */ = {isa = PBXFileReference; lastKnownFileType = text.plist.xml; path = Info.plist; sourceTree = "<group>"; };
		DF16C93D24BD08610003F443 /* News.swift */ = {isa = PBXFileReference; lastKnownFileType = sourcecode.swift; path = News.swift; sourceTree = "<group>"; };
		DF3398A524C0D2A900C623FC /* String+Util.swift */ = {isa = PBXFileReference; lastKnownFileType = sourcecode.swift; path = "String+Util.swift"; sourceTree = "<group>"; };
		DF3398A724C0DD4100C623FC /* UrlEndpoint.swift */ = {isa = PBXFileReference; lastKnownFileType = sourcecode.swift; path = UrlEndpoint.swift; sourceTree = "<group>"; };
		DF355F8124BDEA55005E1483 /* NewsListViewModel.swift */ = {isa = PBXFileReference; lastKnownFileType = sourcecode.swift; path = NewsListViewModel.swift; sourceTree = "<group>"; };
		DF355F8324BDED8C005E1483 /* MockFetcher.swift */ = {isa = PBXFileReference; lastKnownFileType = sourcecode.swift; path = MockFetcher.swift; sourceTree = "<group>"; };
		DF355F8524BE6B2D005E1483 /* NewsDetailView.swift */ = {isa = PBXFileReference; lastKnownFileType = sourcecode.swift; path = NewsDetailView.swift; sourceTree = "<group>"; };
		DF3A0EF624CF0F4B0064D8B7 /* NetworkConstants.swift */ = {isa = PBXFileReference; lastKnownFileType = sourcecode.swift; path = NetworkConstants.swift; sourceTree = "<group>"; };
		DFB69C0224BDD9A000DBDFD3 /* NewsRowView.swift */ = {isa = PBXFileReference; lastKnownFileType = sourcecode.swift; path = NewsRowView.swift; sourceTree = "<group>"; };
		DFB69C0524BDDC7A00DBDFD3 /* News.json */ = {isa = PBXFileReference; fileEncoding = 4; lastKnownFileType = text.json; path = News.json; sourceTree = "<group>"; };
		DFB69C0824BDDCA700DBDFD3 /* NewsFetcher.swift */ = {isa = PBXFileReference; lastKnownFileType = sourcecode.swift; path = NewsFetcher.swift; sourceTree = "<group>"; };
		DFB9669824BF3EA9006CC958 /* ImageFetcher.swift */ = {isa = PBXFileReference; lastKnownFileType = sourcecode.swift; path = ImageFetcher.swift; sourceTree = "<group>"; };
		DFB9669A24BFADC1006CC958 /* NewsViewModel.swift */ = {isa = PBXFileReference; lastKnownFileType = sourcecode.swift; path = NewsViewModel.swift; sourceTree = "<group>"; };
/* End PBXFileReference section */

/* Begin PBXFrameworksBuildPhase section */
		DF16C92124BD078E0003F443 /* Frameworks */ = {
			isa = PBXFrameworksBuildPhase;
			buildActionMask = 2147483647;
			files = (
			);
			runOnlyForDeploymentPostprocessing = 0;
		};
/* End PBXFrameworksBuildPhase section */

/* Begin PBXGroup section */
		DF16C91B24BD078E0003F443 = {
			isa = PBXGroup;
			children = (
				DF16C92624BD078E0003F443 /* NewsSwiftUI */,
				DF16C92524BD078E0003F443 /* Products */,
			);
			sourceTree = "<group>";
		};
		DF16C92524BD078E0003F443 /* Products */ = {
			isa = PBXGroup;
			children = (
				DF16C92424BD078E0003F443 /* NewsSwiftUI.app */,
			);
			name = Products;
			sourceTree = "<group>";
		};
		DF16C92624BD078E0003F443 /* NewsSwiftUI */ = {
			isa = PBXGroup;
			children = (
				DF3A0EF524CF0F370064D8B7 /* Constants */,
				DF16C92724BD078E0003F443 /* AppDelegate.swift */,
				DF16C92924BD078E0003F443 /* SceneDelegate.swift */,
				DF3398A424C0D28E00C623FC /* Extensions */,
				DF355F8024BDEA43005E1483 /* ViewModels */,
				DFB69C0724BDDC9700DBDFD3 /* Helpers */,
				DFB69C0424BDDC5900DBDFD3 /* Supporting Files */,
				DF16C93C24BD07EA0003F443 /* Views */,
				DF16C93B24BD07E20003F443 /* Models */,
				DF16C92D24BD07940003F443 /* Assets.xcassets */,
				DF16C93224BD07940003F443 /* LaunchScreen.storyboard */,
				DF16C93524BD07940003F443 /* Info.plist */,
				DF16C92F24BD07940003F443 /* Preview Content */,
			);
			path = NewsSwiftUI;
			sourceTree = "<group>";
		};
		DF16C92F24BD07940003F443 /* Preview Content */ = {
			isa = PBXGroup;
			children = (
				DF16C93024BD07940003F443 /* Preview Assets.xcassets */,
			);
			path = "Preview Content";
			sourceTree = "<group>";
		};
		DF16C93B24BD07E20003F443 /* Models */ = {
			isa = PBXGroup;
			children = (
				DF16C93D24BD08610003F443 /* News.swift */,
			);
			path = Models;
			sourceTree = "<group>";
		};
		DF16C93C24BD07EA0003F443 /* Views */ = {
			isa = PBXGroup;
			children = (
				DF16C92B24BD078E0003F443 /* NewsListView.swift */,
				DFB69C0224BDD9A000DBDFD3 /* NewsRowView.swift */,
				DF355F8524BE6B2D005E1483 /* NewsDetailView.swift */,
			);
			path = Views;
			sourceTree = "<group>";
		};
		DF3398A424C0D28E00C623FC /* Extensions */ = {
			isa = PBXGroup;
			children = (
				DF3398A524C0D2A900C623FC /* String+Util.swift */,
			);
			path = Extensions;
			sourceTree = "<group>";
		};
		DF355F8024BDEA43005E1483 /* ViewModels */ = {
			isa = PBXGroup;
			children = (
				DF355F8124BDEA55005E1483 /* NewsListViewModel.swift */,
				DFB9669A24BFADC1006CC958 /* NewsViewModel.swift */,
			);
			path = ViewModels;
			sourceTree = "<group>";
		};
		DF3A0EF524CF0F370064D8B7 /* Constants */ = {
			isa = PBXGroup;
			children = (
				DF3A0EF624CF0F4B0064D8B7 /* NetworkConstants.swift */,
			);
			path = Constants;
			sourceTree = "<group>";
		};
		DFB69C0424BDDC5900DBDFD3 /* Supporting Files */ = {
			isa = PBXGroup;
			children = (
				DFB69C0524BDDC7A00DBDFD3 /* News.json */,
			);
			path = "Supporting Files";
			sourceTree = "<group>";
		};
		DFB69C0724BDDC9700DBDFD3 /* Helpers */ = {
			isa = PBXGroup;
			children = (
				DFB69C0824BDDCA700DBDFD3 /* NewsFetcher.swift */,
				DF355F8324BDED8C005E1483 /* MockFetcher.swift */,
				DFB9669824BF3EA9006CC958 /* ImageFetcher.swift */,
				DF3398A724C0DD4100C623FC /* UrlEndpoint.swift */,
			);
			path = Helpers;
			sourceTree = "<group>";
		};
/* End PBXGroup section */

/* Begin PBXNativeTarget section */
		DF16C92324BD078E0003F443 /* NewsSwiftUI */ = {
			isa = PBXNativeTarget;
			buildConfigurationList = DF16C93824BD07940003F443 /* Build configuration list for PBXNativeTarget "NewsSwiftUI" */;
			buildPhases = (
				DF16C92024BD078E0003F443 /* Sources */,
				DF16C92124BD078E0003F443 /* Frameworks */,
				DF16C92224BD078E0003F443 /* Resources */,
			);
			buildRules = (
			);
			dependencies = (
			);
			name = NewsSwiftUI;
			productName = NewsSwiftUI;
			productReference = DF16C92424BD078E0003F443 /* NewsSwiftUI.app */;
			productType = "com.apple.product-type.application";
		};
/* End PBXNativeTarget section */

/* Begin PBXProject section */
		DF16C91C24BD078E0003F443 /* Project object */ = {
			isa = PBXProject;
			attributes = {
				LastSwiftUpdateCheck = 1130;
				LastUpgradeCheck = 1130;
				ORGANIZATIONNAME = "Manali Mogre";
				TargetAttributes = {
					DF16C92324BD078E0003F443 = {
						CreatedOnToolsVersion = 11.3.1;
					};
				};
			};
			buildConfigurationList = DF16C91F24BD078E0003F443 /* Build configuration list for PBXProject "NewsSwiftUI" */;
			compatibilityVersion = "Xcode 9.3";
			developmentRegion = en;
			hasScannedForEncodings = 0;
			knownRegions = (
				en,
				Base,
			);
			mainGroup = DF16C91B24BD078E0003F443;
			productRefGroup = DF16C92524BD078E0003F443 /* Products */;
			projectDirPath = "";
			projectRoot = "";
			targets = (
				DF16C92324BD078E0003F443 /* NewsSwiftUI */,
			);
		};
/* End PBXProject section */

/* Begin PBXResourcesBuildPhase section */
		DF16C92224BD078E0003F443 /* Resources */ = {
			isa = PBXResourcesBuildPhase;
			buildActionMask = 2147483647;
			files = (
				DF16C93424BD07940003F443 /* LaunchScreen.storyboard in Resources */,
				DF16C93124BD07940003F443 /* Preview Assets.xcassets in Resources */,
				DFB69C0624BDDC7A00DBDFD3 /* News.json in Resources */,
				DF16C92E24BD07940003F443 /* Assets.xcassets in Resources */,
			);
			runOnlyForDeploymentPostprocessing = 0;
		};
/* End PBXResourcesBuildPhase section */

/* Begin PBXSourcesBuildPhase section */
		DF16C92024BD078E0003F443 /* Sources */ = {
			isa = PBXSourcesBuildPhase;
			buildActionMask = 2147483647;
			files = (
				DF3A0EF724CF0F4B0064D8B7 /* NetworkConstants.swift in Sources */,
				DF3398A624C0D2A900C623FC /* String+Util.swift in Sources */,
				DFB69C0324BDD9A000DBDFD3 /* NewsRowView.swift in Sources */,
				DF355F8624BE6B2D005E1483 /* NewsDetailView.swift in Sources */,
				DF3398A824C0DD4100C623FC /* UrlEndpoint.swift in Sources */,
				DF355F8224BDEA55005E1483 /* NewsListViewModel.swift in Sources */,
				DF16C92824BD078E0003F443 /* AppDelegate.swift in Sources */,
				DFB69C0924BDDCA700DBDFD3 /* NewsFetcher.swift in Sources */,
				DF16C92A24BD078E0003F443 /* SceneDelegate.swift in Sources */,
				DFB9669B24BFADC1006CC958 /* NewsViewModel.swift in Sources */,
				DF16C93E24BD08610003F443 /* News.swift in Sources */,
				DF16C92C24BD078E0003F443 /* NewsListView.swift in Sources */,
				DFB9669924BF3EA9006CC958 /* ImageFetcher.swift in Sources */,
				DF355F8424BDED8C005E1483 /* MockFetcher.swift in Sources */,
			);
			runOnlyForDeploymentPostprocessing = 0;
		};
/* End PBXSourcesBuildPhase section */

/* Begin PBXVariantGroup section */
		DF16C93224BD07940003F443 /* LaunchScreen.storyboard */ = {
			isa = PBXVariantGroup;
			children = (
				DF16C93324BD07940003F443 /* Base */,
			);
			name = LaunchScreen.storyboard;
			sourceTree = "<group>";
		};
/* End PBXVariantGroup section */

/* Begin XCBuildConfiguration section */
		DF16C93624BD07940003F443 /* Debug */ = {
			isa = XCBuildConfiguration;
			buildSettings = {
				ALWAYS_SEARCH_USER_PATHS = NO;
				CLANG_ANALYZER_NONNULL = YES;
				CLANG_ANALYZER_NUMBER_OBJECT_CONVERSION = YES_AGGRESSIVE;
				CLANG_CXX_LANGUAGE_STANDARD = "gnu++14";
				CLANG_CXX_LIBRARY = "libc++";
				CLANG_ENABLE_MODULES = YES;
				CLANG_ENABLE_OBJC_ARC = YES;
				CLANG_ENABLE_OBJC_WEAK = YES;
				CLANG_WARN_BLOCK_CAPTURE_AUTORELEASING = YES;
				CLANG_WARN_BOOL_CONVERSION = YES;
				CLANG_WARN_COMMA = YES;
				CLANG_WARN_CONSTANT_CONVERSION = YES;
				CLANG_WARN_DEPRECATED_OBJC_IMPLEMENTATIONS = YES;
				CLANG_WARN_DIRECT_OBJC_ISA_USAGE = YES_ERROR;
				CLANG_WARN_DOCUMENTATION_COMMENTS = YES;
				CLANG_WARN_EMPTY_BODY = YES;
				CLANG_WARN_ENUM_CONVERSION = YES;
				CLANG_WARN_INFINITE_RECURSION = YES;
				CLANG_WARN_INT_CONVERSION = YES;
				CLANG_WARN_NON_LITERAL_NULL_CONVERSION = YES;
				CLANG_WARN_OBJC_IMPLICIT_RETAIN_SELF = YES;
				CLANG_WARN_OBJC_LITERAL_CONVERSION = YES;
				CLANG_WARN_OBJC_ROOT_CLASS = YES_ERROR;
				CLANG_WARN_RANGE_LOOP_ANALYSIS = YES;
				CLANG_WARN_STRICT_PROTOTYPES = YES;
				CLANG_WARN_SUSPICIOUS_MOVE = YES;
				CLANG_WARN_UNGUARDED_AVAILABILITY = YES_AGGRESSIVE;
				CLANG_WARN_UNREACHABLE_CODE = YES;
				CLANG_WARN__DUPLICATE_METHOD_MATCH = YES;
				COPY_PHASE_STRIP = NO;
				DEBUG_INFORMATION_FORMAT = dwarf;
				ENABLE_STRICT_OBJC_MSGSEND = YES;
				ENABLE_TESTABILITY = YES;
				GCC_C_LANGUAGE_STANDARD = gnu11;
				GCC_DYNAMIC_NO_PIC = NO;
				GCC_NO_COMMON_BLOCKS = YES;
				GCC_OPTIMIZATION_LEVEL = 0;
				GCC_PREPROCESSOR_DEFINITIONS = (
					"DEBUG=1",
					"$(inherited)",
				);
				GCC_WARN_64_TO_32_BIT_CONVERSION = YES;
				GCC_WARN_ABOUT_RETURN_TYPE = YES_ERROR;
				GCC_WARN_UNDECLARED_SELECTOR = YES;
				GCC_WARN_UNINITIALIZED_AUTOS = YES_AGGRESSIVE;
				GCC_WARN_UNUSED_FUNCTION = YES;
				GCC_WARN_UNUSED_VARIABLE = YES;
				IPHONEOS_DEPLOYMENT_TARGET = 13.2;
				MTL_ENABLE_DEBUG_INFO = INCLUDE_SOURCE;
				MTL_FAST_MATH = YES;
				ONLY_ACTIVE_ARCH = YES;
				SDKROOT = iphoneos;
				SWIFT_ACTIVE_COMPILATION_CONDITIONS = DEBUG;
				SWIFT_OPTIMIZATION_LEVEL = "-Onone";
			};
			name = Debug;
		};
		DF16C93724BD07940003F443 /* Release */ = {
			isa = XCBuildConfiguration;
			buildSettings = {
				ALWAYS_SEARCH_USER_PATHS = NO;
				CLANG_ANALYZER_NONNULL = YES;
				CLANG_ANALYZER_NUMBER_OBJECT_CONVERSION = YES_AGGRESSIVE;
				CLANG_CXX_LANGUAGE_STANDARD = "gnu++14";
				CLANG_CXX_LIBRARY = "libc++";
				CLANG_ENABLE_MODULES = YES;
				CLANG_ENABLE_OBJC_ARC = YES;
				CLANG_ENABLE_OBJC_WEAK = YES;
				CLANG_WARN_BLOCK_CAPTURE_AUTORELEASING = YES;
				CLANG_WARN_BOOL_CONVERSION = YES;
				CLANG_WARN_COMMA = YES;
				CLANG_WARN_CONSTANT_CONVERSION = YES;
				CLANG_WARN_DEPRECATED_OBJC_IMPLEMENTATIONS = YES;
				CLANG_WARN_DIRECT_OBJC_ISA_USAGE = YES_ERROR;
				CLANG_WARN_DOCUMENTATION_COMMENTS = YES;
				CLANG_WARN_EMPTY_BODY = YES;
				CLANG_WARN_ENUM_CONVERSION = YES;
				CLANG_WARN_INFINITE_RECURSION = YES;
				CLANG_WARN_INT_CONVERSION = YES;
				CLANG_WARN_NON_LITERAL_NULL_CONVERSION = YES;
				CLANG_WARN_OBJC_IMPLICIT_RETAIN_SELF = YES;
				CLANG_WARN_OBJC_LITERAL_CONVERSION = YES;
				CLANG_WARN_OBJC_ROOT_CLASS = YES_ERROR;
				CLANG_WARN_RANGE_LOOP_ANALYSIS = YES;
				CLANG_WARN_STRICT_PROTOTYPES = YES;
				CLANG_WARN_SUSPICIOUS_MOVE = YES;
				CLANG_WARN_UNGUARDED_AVAILABILITY = YES_AGGRESSIVE;
				CLANG_WARN_UNREACHABLE_CODE = YES;
				CLANG_WARN__DUPLICATE_METHOD_MATCH = YES;
				COPY_PHASE_STRIP = NO;
				DEBUG_INFORMATION_FORMAT = "dwarf-with-dsym";
				ENABLE_NS_ASSERTIONS = NO;
				ENABLE_STRICT_OBJC_MSGSEND = YES;
				GCC_C_LANGUAGE_STANDARD = gnu11;
				GCC_NO_COMMON_BLOCKS = YES;
				GCC_WARN_64_TO_32_BIT_CONVERSION = YES;
				GCC_WARN_ABOUT_RETURN_TYPE = YES_ERROR;
				GCC_WARN_UNDECLARED_SELECTOR = YES;
				GCC_WARN_UNINITIALIZED_AUTOS = YES_AGGRESSIVE;
				GCC_WARN_UNUSED_FUNCTION = YES;
				GCC_WARN_UNUSED_VARIABLE = YES;
				IPHONEOS_DEPLOYMENT_TARGET = 13.2;
				MTL_ENABLE_DEBUG_INFO = NO;
				MTL_FAST_MATH = YES;
				SDKROOT = iphoneos;
				SWIFT_COMPILATION_MODE = wholemodule;
				SWIFT_OPTIMIZATION_LEVEL = "-O";
				VALIDATE_PRODUCT = YES;
			};
			name = Release;
		};
		DF16C93924BD07940003F443 /* Debug */ = {
			isa = XCBuildConfiguration;
			buildSettings = {
				ASSETCATALOG_COMPILER_APPICON_NAME = AppIcon;
				CODE_SIGN_STYLE = Automatic;
				DEVELOPMENT_ASSET_PATHS = "\"NewsSwiftUI/Preview Content\"";
				ENABLE_PREVIEWS = YES;
				INFOPLIST_FILE = NewsSwiftUI/Info.plist;
				LD_RUNPATH_SEARCH_PATHS = (
					"$(inherited)",
					"@executable_path/Frameworks",
				);
				PRODUCT_BUNDLE_IDENTIFIER = com.manali.NewsSwiftUI;
				PRODUCT_NAME = "$(TARGET_NAME)";
				SWIFT_VERSION = 5.0;
				TARGETED_DEVICE_FAMILY = "1,2";
			};
			name = Debug;
		};
		DF16C93A24BD07940003F443 /* Release */ = {
			isa = XCBuildConfiguration;
			buildSettings = {
				ASSETCATALOG_COMPILER_APPICON_NAME = AppIcon;
				CODE_SIGN_STYLE = Automatic;
				DEVELOPMENT_ASSET_PATHS = "\"NewsSwiftUI/Preview Content\"";
				ENABLE_PREVIEWS = YES;
				INFOPLIST_FILE = NewsSwiftUI/Info.plist;
				LD_RUNPATH_SEARCH_PATHS = (
					"$(inherited)",
					"@executable_path/Frameworks",
				);
				PRODUCT_BUNDLE_IDENTIFIER = com.manali.NewsSwiftUI;
				PRODUCT_NAME = "$(TARGET_NAME)";
				SWIFT_VERSION = 5.0;
				TARGETED_DEVICE_FAMILY = "1,2";
			};
			name = Release;
		};
/* End XCBuildConfiguration section */

/* Begin XCConfigurationList section */
		DF16C91F24BD078E0003F443 /* Build configuration list for PBXProject "NewsSwiftUI" */ = {
			isa = XCConfigurationList;
			buildConfigurations = (
				DF16C93624BD07940003F443 /* Debug */,
				DF16C93724BD07940003F443 /* Release */,
			);
			defaultConfigurationIsVisible = 0;
			defaultConfigurationName = Release;
		};
		DF16C93824BD07940003F443 /* Build configuration list for PBXNativeTarget "NewsSwiftUI" */ = {
			isa = XCConfigurationList;
			buildConfigurations = (
				DF16C93924BD07940003F443 /* Debug */,
				DF16C93A24BD07940003F443 /* Release */,
			);
			defaultConfigurationIsVisible = 0;
			defaultConfigurationName = Release;
		};
/* End XCConfigurationList section */
	};
	rootObject = DF16C91C24BD078E0003F443 /* Project object */;
}
